
Microsoft Visual Studio Solution File, Format Version 12.00
# Visual Studio Version 17
VisualStudioVersion = 17.0.32126.317
MinimumVisualStudioVersion = 10.0.40219.1
Project("{FAE04EC0-301F-11D3-BF4B-00C04F79EFBC}") = "DLithe_BC_NFS_T_Task31_Debugging", "DLithe_BC_NFS_T_Task31_Debugging\DLithe_BC_NFS_T_Task31_Debugging.csproj", "{FBF1FFD8-1B09-430C-8A4A-9E7058D89EF7}"
EndProject
Global
	GlobalSection(SolutionConfigurationPlatforms) = preSolution
		Debug|Any CPU = Debug|Any CPU
		Release|Any CPU = Release|Any CPU
	EndGlobalSection
	GlobalSection(ProjectConfigurationPlatforms) = postSolution
		{FBF1FFD8-1B09-430C-8A4A-9E7058D89EF7}.Debug|Any CPU.ActiveCfg = Debug|Any CPU
		{FBF1FFD8-1B09-430C-8A4A-9E7058D89EF7}.Debug|Any CPU.Build.0 = Debug|Any CPU
		{FBF1FFD8-1B09-430C-8A4A-9E7058D89EF7}.Release|Any CPU.ActiveCfg = Release|Any CPU
		{FBF1FFD8-1B09-430C-8A4A-9E7058D89EF7}.Release|Any CPU.Build.0 = Release|Any CPU
	EndGlobalSection
	GlobalSection(SolutionProperties) = preSolution
		HideSolutionNode = FALSE
	EndGlobalSection
	GlobalSection(ExtensibilityGlobals) = postSolution
		SolutionGuid = {85907D9E-AA4E-487C-A896-22527BC81722}
	EndGlobalSection
EndGlobal
