
Microsoft Visual Studio Solution File, Format Version 12.00
# Visual Studio Version 17
VisualStudioVersion = 17.0.32126.317
MinimumVisualStudioVersion = 10.0.40219.1
Project("{FAE04EC0-301F-11D3-BF4B-00C04F79EFBC}") = "Debugging_task 28", "Debugging_task 28\Debugging_task 28.csproj", "{6D30865E-B24F-43E8-8C02-4D70AE7AE6F6}"
EndProject
Global
	GlobalSection(SolutionConfigurationPlatforms) = preSolution
		Debug|Any CPU = Debug|Any CPU
		Release|Any CPU = Release|Any CPU
	EndGlobalSection
	GlobalSection(ProjectConfigurationPlatforms) = postSolution
		{6D30865E-B24F-43E8-8C02-4D70AE7AE6F6}.Debug|Any CPU.ActiveCfg = Debug|Any CPU
		{6D30865E-B24F-43E8-8C02-4D70AE7AE6F6}.Debug|Any CPU.Build.0 = Debug|Any CPU
		{6D30865E-B24F-43E8-8C02-4D70AE7AE6F6}.Release|Any CPU.ActiveCfg = Release|Any CPU
		{6D30865E-B24F-43E8-8C02-4D70AE7AE6F6}.Release|Any CPU.Build.0 = Release|Any CPU
	EndGlobalSection
	GlobalSection(SolutionProperties) = preSolution
		HideSolutionNode = FALSE
	EndGlobalSection
	GlobalSection(ExtensibilityGlobals) = postSolution
		SolutionGuid = {A5F766C0-F7B4-4730-AC60-05845C434599}
	EndGlobalSection
EndGlobal
