
Microsoft Visual Studio Solution File, Format Version 12.00
# Visual Studio Version 17
VisualStudioVersion = 17.0.32126.317
MinimumVisualStudioVersion = 10.0.40219.1
Project("{FAE04EC0-301F-11D3-BF4B-00C04F79EFBC}") = "test3", "test3\test3.csproj", "{1AE55EC8-B561-4C79-B45A-73FF3EDBB74E}"
EndProject
Global
	GlobalSection(SolutionConfigurationPlatforms) = preSolution
		Debug|Any CPU = Debug|Any CPU
		Release|Any CPU = Release|Any CPU
	EndGlobalSection
	GlobalSection(ProjectConfigurationPlatforms) = postSolution
		{1AE55EC8-B561-4C79-B45A-73FF3EDBB74E}.Debug|Any CPU.ActiveCfg = Debug|Any CPU
		{1AE55EC8-B561-4C79-B45A-73FF3EDBB74E}.Debug|Any CPU.Build.0 = Debug|Any CPU
		{1AE55EC8-B561-4C79-B45A-73FF3EDBB74E}.Release|Any CPU.ActiveCfg = Release|Any CPU
		{1AE55EC8-B561-4C79-B45A-73FF3EDBB74E}.Release|Any CPU.Build.0 = Release|Any CPU
	EndGlobalSection
	GlobalSection(SolutionProperties) = preSolution
		HideSolutionNode = FALSE
	EndGlobalSection
	GlobalSection(ExtensibilityGlobals) = postSolution
		SolutionGuid = {DB0828DC-091C-4FB7-BAAA-312CB29738DA}
	EndGlobalSection
EndGlobal
